# This file was autogenerated by Stack.
# You should not edit this file by hand.
# For more information, please see the documentation at:
#   https://docs.haskellstack.org/en/stable/lock_files

packages:
- completed:
    hackage: multiplate-0.0.3@sha256:5d2ffc50d23c55008100b7a8b70f77b5fcce08c6f23822c5a6adc5b5b9356a32,1311
    pantry-tree:
      size: 272
      sha256: 775ecd50a3109283f9f8c516fbbf9f1c20d390a00cba9a6a7eaf150de0449c4f
  original:
    hackage: multiplate-0.0.3@sha256:5d2ffc50d23c55008100b7a8b70f77b5fcce08c6f23822c5a6adc5b5b9356a32,1311
snapshots:
- completed:
    size: 563099
    url: https://raw.githubusercontent.com/commercialhaskell/stackage-snapshots/master/lts/17/2.yaml
    sha256: 92b1a17e31d0a978fca4bf270305d4d1dd8092271bf60eafbc9349c890854026
  original:
    url: https://raw.githubusercontent.com/commercialhaskell/stackage-snapshots/master/lts/17/2.yaml
